
Microsoft Visual Studio Solution File, Format Version 12.00
Project("{FAE04EC0-301F-11D3-BF4B-00C04F79EFBC}") = "Insurence.Api", "Insurence.Api\Insurence.Api.csproj", "{31E2F7E6-E956-4B75-9B09-56AAF7E87044}"
EndProject
Global
	GlobalSection(SolutionConfigurationPlatforms) = preSolution
		Debug|Any CPU = Debug|Any CPU
		Release|Any CPU = Release|Any CPU
	EndGlobalSection
	GlobalSection(ProjectConfigurationPlatforms) = postSolution
		{31E2F7E6-E956-4B75-9B09-56AAF7E87044}.Debug|Any CPU.ActiveCfg = Debug|Any CPU
		{31E2F7E6-E956-4B75-9B09-56AAF7E87044}.Debug|Any CPU.Build.0 = Debug|Any CPU
		{31E2F7E6-E956-4B75-9B09-56AAF7E87044}.Release|Any CPU.ActiveCfg = Release|Any CPU
		{31E2F7E6-E956-4B75-9B09-56AAF7E87044}.Release|Any CPU.Build.0 = Release|Any CPU
	EndGlobalSection
EndGlobal
